// !$*UTF8*$!
{
	archiveVersion = 1;
	classes = {
	};
	objectVersion = 55;
	objects = {

/* Begin PBXBuildFile section */
		7113EC1C27BBB26700D17346 /* AppDelegate.swift in Sources */ = {isa = PBXBuildFile; fileRef = 7113EC1B27BBB26700D17346 /* AppDelegate.swift */; };
		7113EC1E27BBB26700D17346 /* SceneDelegate.swift in Sources */ = {isa = PBXBuildFile; fileRef = 7113EC1D27BBB26700D17346 /* SceneDelegate.swift */; };
		7113EC2027BBB26700D17346 /* ViewController.swift in Sources */ = {isa = PBXBuildFile; fileRef = 7113EC1F27BBB26700D17346 /* ViewController.swift */; };
		7113EC2327BBB26700D17346 /* Main.storyboard in Resources */ = {isa = PBXBuildFile; fileRef = 7113EC2127BBB26700D17346 /* Main.storyboard */; };
		7113EC2527BBB26900D17346 /* Assets.xcassets in Resources */ = {isa = PBXBuildFile; fileRef = 7113EC2427BBB26900D17346 /* Assets.xcassets */; };
		7113EC2827BBB26900D17346 /* LaunchScreen.storyboard in Resources */ = {isa = PBXBuildFile; fileRef = 7113EC2627BBB26900D17346 /* LaunchScreen.storyboard */; };
		718F884627BBB8760040937F /* Coordinator.swift in Sources */ = {isa = PBXBuildFile; fileRef = 718F884527BBB8760040937F /* Coordinator.swift */; };
		718F884827BBB9C60040937F /* Storyboarded.swift in Sources */ = {isa = PBXBuildFile; fileRef = 718F884727BBB9C60040937F /* Storyboarded.swift */; };
		718F884C27BBBABE0040937F /* Coordinator+Calculator.swift in Sources */ = {isa = PBXBuildFile; fileRef = 718F884B27BBBABE0040937F /* Coordinator+Calculator.swift */; };
		718F884E27BBBAD20040937F /* Coordinator+Muscles.swift in Sources */ = {isa = PBXBuildFile; fileRef = 718F884D27BBBAD20040937F /* Coordinator+Muscles.swift */; };
		718F885027BBBAE00040937F /* Coordinator+Profile.swift in Sources */ = {isa = PBXBuildFile; fileRef = 718F884F27BBBAE00040937F /* Coordinator+Profile.swift */; };
		718F885227BBBAF00040937F /* Coordinator+Programs.swift in Sources */ = {isa = PBXBuildFile; fileRef = 718F885127BBBAF00040937F /* Coordinator+Programs.swift */; };
		718F885427BBBB020040937F /* Coordinator+Progress.swift in Sources */ = {isa = PBXBuildFile; fileRef = 718F885327BBBB020040937F /* Coordinator+Progress.swift */; };
		718F885627BBBB190040937F /* MainCoordinator.swift in Sources */ = {isa = PBXBuildFile; fileRef = 718F885527BBBB190040937F /* MainCoordinator.swift */; };
/* End PBXBuildFile section */

/* Begin PBXFileReference section */
		7113EC1827BBB26700D17346 /* SuperheroAntonGuzenko.app */ = {isa = PBXFileReference; explicitFileType = wrapper.application; includeInIndex = 0; path = SuperheroAntonGuzenko.app; sourceTree = BUILT_PRODUCTS_DIR; };
		7113EC1B27BBB26700D17346 /* AppDelegate.swift */ = {isa = PBXFileReference; lastKnownFileType = sourcecode.swift; path = AppDelegate.swift; sourceTree = "<group>"; };
		7113EC1D27BBB26700D17346 /* SceneDelegate.swift */ = {isa = PBXFileReference; lastKnownFileType = sourcecode.swift; path = SceneDelegate.swift; sourceTree = "<group>"; };
		7113EC1F27BBB26700D17346 /* ViewController.swift */ = {isa = PBXFileReference; lastKnownFileType = sourcecode.swift; path = ViewController.swift; sourceTree = "<group>"; };
		7113EC2227BBB26700D17346 /* Base */ = {isa = PBXFileReference; lastKnownFileType = file.storyboard; name = Base; path = Base.lproj/Main.storyboard; sourceTree = "<group>"; };
		7113EC2427BBB26900D17346 /* Assets.xcassets */ = {isa = PBXFileReference; lastKnownFileType = folder.assetcatalog; path = Assets.xcassets; sourceTree = "<group>"; };
		7113EC2727BBB26900D17346 /* Base */ = {isa = PBXFileReference; lastKnownFileType = file.storyboard; name = Base; path = Base.lproj/LaunchScreen.storyboard; sourceTree = "<group>"; };
		7113EC2927BBB26900D17346 /* Info.plist */ = {isa = PBXFileReference; lastKnownFileType = text.plist.xml; path = Info.plist; sourceTree = "<group>"; };
		718F884527BBB8760040937F /* Coordinator.swift */ = {isa = PBXFileReference; lastKnownFileType = sourcecode.swift; path = Coordinator.swift; sourceTree = "<group>"; };
		718F884727BBB9C60040937F /* Storyboarded.swift */ = {isa = PBXFileReference; lastKnownFileType = sourcecode.swift; path = Storyboarded.swift; sourceTree = "<group>"; };
		718F884B27BBBABE0040937F /* Coordinator+Calculator.swift */ = {isa = PBXFileReference; lastKnownFileType = sourcecode.swift; path = "Coordinator+Calculator.swift"; sourceTree = "<group>"; };
		718F884D27BBBAD20040937F /* Coordinator+Muscles.swift */ = {isa = PBXFileReference; lastKnownFileType = sourcecode.swift; path = "Coordinator+Muscles.swift"; sourceTree = "<group>"; };
		718F884F27BBBAE00040937F /* Coordinator+Profile.swift */ = {isa = PBXFileReference; lastKnownFileType = sourcecode.swift; path = "Coordinator+Profile.swift"; sourceTree = "<group>"; };
		718F885127BBBAF00040937F /* Coordinator+Programs.swift */ = {isa = PBXFileReference; lastKnownFileType = sourcecode.swift; path = "Coordinator+Programs.swift"; sourceTree = "<group>"; };
		718F885327BBBB020040937F /* Coordinator+Progress.swift */ = {isa = PBXFileReference; lastKnownFileType = sourcecode.swift; path = "Coordinator+Progress.swift"; sourceTree = "<group>"; };
		718F885527BBBB190040937F /* MainCoordinator.swift */ = {isa = PBXFileReference; lastKnownFileType = sourcecode.swift; path = MainCoordinator.swift; sourceTree = "<group>"; };
/* End PBXFileReference section */

/* Begin PBXFrameworksBuildPhase section */
		7113EC1527BBB26700D17346 /* Frameworks */ = {
			isa = PBXFrameworksBuildPhase;
			buildActionMask = 2147483647;
			files = (
			);
			runOnlyForDeploymentPostprocessing = 0;
		};
/* End PBXFrameworksBuildPhase section */

/* Begin PBXGroup section */
		7113EC0F27BBB26700D17346 = {
			isa = PBXGroup;
			children = (
				7113EC1A27BBB26700D17346 /* SuperheroAntonGuzenko */,
				7113EC1927BBB26700D17346 /* Products */,
			);
			sourceTree = "<group>";
		};
		7113EC1927BBB26700D17346 /* Products */ = {
			isa = PBXGroup;
			children = (
				7113EC1827BBB26700D17346 /* SuperheroAntonGuzenko.app */,
			);
			name = Products;
			sourceTree = "<group>";
		};
		7113EC1A27BBB26700D17346 /* SuperheroAntonGuzenko */ = {
			isa = PBXGroup;
			children = (
				718F883A27BBB6940040937F /* Extensions */,
				718F883B27BBB6BC0040937F /* Protocols */,
				718F883C27BBB6E50040937F /* Models */,
				718F883F27BBB73F0040937F /* Presentation */,
				7113EC1B27BBB26700D17346 /* AppDelegate.swift */,
				7113EC1D27BBB26700D17346 /* SceneDelegate.swift */,
				7113EC1F27BBB26700D17346 /* ViewController.swift */,
				7113EC2127BBB26700D17346 /* Main.storyboard */,
				7113EC2427BBB26900D17346 /* Assets.xcassets */,
				7113EC2627BBB26900D17346 /* LaunchScreen.storyboard */,
				7113EC2927BBB26900D17346 /* Info.plist */,
			);
			path = SuperheroAntonGuzenko;
			sourceTree = "<group>";
		};
		718F883A27BBB6940040937F /* Extensions */ = {
			isa = PBXGroup;
			children = (
			);
			path = Extensions;
			sourceTree = "<group>";
		};
		718F883B27BBB6BC0040937F /* Protocols */ = {
			isa = PBXGroup;
			children = (
				718F884927BBB9F90040937F /* UITableViewCells */,
				718F884027BBB7A40040937F /* Coordinator */,
				718F884727BBB9C60040937F /* Storyboarded.swift */,
			);
			path = Protocols;
			sourceTree = "<group>";
		};
		718F883C27BBB6E50040937F /* Models */ = {
			isa = PBXGroup;
			children = (
				718F883D27BBB7040040937F /* ProfileCoreData */,
				718F883E27BBB7190040937F /* Profile */,
			);
			path = Models;
			sourceTree = "<group>";
		};
		718F883D27BBB7040040937F /* ProfileCoreData */ = {
			isa = PBXGroup;
			children = (
			);
			path = ProfileCoreData;
			sourceTree = "<group>";
		};
		718F883E27BBB7190040937F /* Profile */ = {
			isa = PBXGroup;
			children = (
			);
			path = Profile;
			sourceTree = "<group>";
		};
		718F883F27BBB73F0040937F /* Presentation */ = {
			isa = PBXGroup;
			children = (
				718F884A27BBBA250040937F /* Coordinator */,
				718F884127BBB7B60040937F /* Views */,
				718F884227BBB7CD0040937F /* ViewModels */,
				718F884327BBB7E10040937F /* ViewControllers */,
				718F884427BBB7F30040937F /* Storyboard */,
			);
			path = Presentation;
			sourceTree = "<group>";
		};
		718F884027BBB7A40040937F /* Coordinator */ = {
			isa = PBXGroup;
			children = (
				718F884527BBB8760040937F /* Coordinator.swift */,
			);
			name = Coordinator;
			path = ../Presentation/Coordinator;
			sourceTree = "<group>";
		};
		718F884127BBB7B60040937F /* Views */ = {
			isa = PBXGroup;
			children = (
			);
			path = Views;
			sourceTree = "<group>";
		};
		718F884227BBB7CD0040937F /* ViewModels */ = {
			isa = PBXGroup;
			children = (
			);
			path = ViewModels;
			sourceTree = "<group>";
		};
		718F884327BBB7E10040937F /* ViewControllers */ = {
			isa = PBXGroup;
			children = (
			);
			path = ViewControllers;
			sourceTree = "<group>";
		};
		718F884427BBB7F30040937F /* Storyboard */ = {
			isa = PBXGroup;
			children = (
			);
			path = Storyboard;
			sourceTree = "<group>";
		};
		718F884927BBB9F90040937F /* UITableViewCells */ = {
			isa = PBXGroup;
			children = (
			);
			path = UITableViewCells;
			sourceTree = "<group>";
		};
		718F884A27BBBA250040937F /* Coordinator */ = {
			isa = PBXGroup;
			children = (
				718F884B27BBBABE0040937F /* Coordinator+Calculator.swift */,
				718F884D27BBBAD20040937F /* Coordinator+Muscles.swift */,
				718F884F27BBBAE00040937F /* Coordinator+Profile.swift */,
				718F885127BBBAF00040937F /* Coordinator+Programs.swift */,
				718F885327BBBB020040937F /* Coordinator+Progress.swift */,
				718F885527BBBB190040937F /* MainCoordinator.swift */,
			);
			name = Coordinator;
			path = ../Protocols/Coordinator;
			sourceTree = "<group>";
		};
/* End PBXGroup section */

/* Begin PBXNativeTarget section */
		7113EC1727BBB26700D17346 /* SuperheroAntonGuzenko */ = {
			isa = PBXNativeTarget;
			buildConfigurationList = 7113EC2C27BBB26900D17346 /* Build configuration list for PBXNativeTarget "SuperheroAntonGuzenko" */;
			buildPhases = (
				7113EC1427BBB26700D17346 /* Sources */,
				7113EC1527BBB26700D17346 /* Frameworks */,
				7113EC1627BBB26700D17346 /* Resources */,
			);
			buildRules = (
			);
			dependencies = (
			);
			name = SuperheroAntonGuzenko;
			productName = SuperheroAntonGuzenko;
			productReference = 7113EC1827BBB26700D17346 /* SuperheroAntonGuzenko.app */;
			productType = "com.apple.product-type.application";
		};
/* End PBXNativeTarget section */

/* Begin PBXProject section */
		7113EC1027BBB26700D17346 /* Project object */ = {
			isa = PBXProject;
			attributes = {
				BuildIndependentTargetsInParallel = 1;
				LastSwiftUpdateCheck = 1320;
				LastUpgradeCheck = 1320;
				TargetAttributes = {
					7113EC1727BBB26700D17346 = {
						CreatedOnToolsVersion = 13.2.1;
					};
				};
			};
			buildConfigurationList = 7113EC1327BBB26700D17346 /* Build configuration list for PBXProject "SuperheroAntonGuzenko" */;
			compatibilityVersion = "Xcode 13.0";
			developmentRegion = en;
			hasScannedForEncodings = 0;
			knownRegions = (
				en,
				Base,
			);
			mainGroup = 7113EC0F27BBB26700D17346;
			productRefGroup = 7113EC1927BBB26700D17346 /* Products */;
			projectDirPath = "";
			projectRoot = "";
			targets = (
				7113EC1727BBB26700D17346 /* SuperheroAntonGuzenko */,
			);
		};
/* End PBXProject section */

/* Begin PBXResourcesBuildPhase section */
		7113EC1627BBB26700D17346 /* Resources */ = {
			isa = PBXResourcesBuildPhase;
			buildActionMask = 2147483647;
			files = (
				7113EC2827BBB26900D17346 /* LaunchScreen.storyboard in Resources */,
				7113EC2527BBB26900D17346 /* Assets.xcassets in Resources */,
				7113EC2327BBB26700D17346 /* Main.storyboard in Resources */,
			);
			runOnlyForDeploymentPostprocessing = 0;
		};
/* End PBXResourcesBuildPhase section */

/* Begin PBXSourcesBuildPhase section */
		7113EC1427BBB26700D17346 /* Sources */ = {
			isa = PBXSourcesBuildPhase;
			buildActionMask = 2147483647;
			files = (
				718F884627BBB8760040937F /* Coordinator.swift in Sources */,
				7113EC2027BBB26700D17346 /* ViewController.swift in Sources */,
				718F885227BBBAF00040937F /* Coordinator+Programs.swift in Sources */,
				718F884827BBB9C60040937F /* Storyboarded.swift in Sources */,
				7113EC1C27BBB26700D17346 /* AppDelegate.swift in Sources */,
				718F885627BBBB190040937F /* MainCoordinator.swift in Sources */,
				718F885427BBBB020040937F /* Coordinator+Progress.swift in Sources */,
				718F885027BBBAE00040937F /* Coordinator+Profile.swift in Sources */,
				718F884E27BBBAD20040937F /* Coordinator+Muscles.swift in Sources */,
				718F884C27BBBABE0040937F /* Coordinator+Calculator.swift in Sources */,
				7113EC1E27BBB26700D17346 /* SceneDelegate.swift in Sources */,
			);
			runOnlyForDeploymentPostprocessing = 0;
		};
/* End PBXSourcesBuildPhase section */

/* Begin PBXVariantGroup section */
		7113EC2127BBB26700D17346 /* Main.storyboard */ = {
			isa = PBXVariantGroup;
			children = (
				7113EC2227BBB26700D17346 /* Base */,
			);
			name = Main.storyboard;
			sourceTree = "<group>";
		};
		7113EC2627BBB26900D17346 /* LaunchScreen.storyboard */ = {
			isa = PBXVariantGroup;
			children = (
				7113EC2727BBB26900D17346 /* Base */,
			);
			name = LaunchScreen.storyboard;
			sourceTree = "<group>";
		};
/* End PBXVariantGroup section */

/* Begin XCBuildConfiguration section */
		7113EC2A27BBB26900D17346 /* Debug */ = {
			isa = XCBuildConfiguration;
			buildSettings = {
				ALWAYS_SEARCH_USER_PATHS = NO;
				CLANG_ANALYZER_NONNULL = YES;
				CLANG_ANALYZER_NUMBER_OBJECT_CONVERSION = YES_AGGRESSIVE;
				CLANG_CXX_LANGUAGE_STANDARD = "gnu++17";
				CLANG_CXX_LIBRARY = "libc++";
				CLANG_ENABLE_MODULES = YES;
				CLANG_ENABLE_OBJC_ARC = YES;
				CLANG_ENABLE_OBJC_WEAK = YES;
				CLANG_WARN_BLOCK_CAPTURE_AUTORELEASING = YES;
				CLANG_WARN_BOOL_CONVERSION = YES;
				CLANG_WARN_COMMA = YES;
				CLANG_WARN_CONSTANT_CONVERSION = YES;
				CLANG_WARN_DEPRECATED_OBJC_IMPLEMENTATIONS = YES;
				CLANG_WARN_DIRECT_OBJC_ISA_USAGE = YES_ERROR;
				CLANG_WARN_DOCUMENTATION_COMMENTS = YES;
				CLANG_WARN_EMPTY_BODY = YES;
				CLANG_WARN_ENUM_CONVERSION = YES;
				CLANG_WARN_INFINITE_RECURSION = YES;
				CLANG_WARN_INT_CONVERSION = YES;
				CLANG_WARN_NON_LITERAL_NULL_CONVERSION = YES;
				CLANG_WARN_OBJC_IMPLICIT_RETAIN_SELF = YES;
				CLANG_WARN_OBJC_LITERAL_CONVERSION = YES;
				CLANG_WARN_OBJC_ROOT_CLASS = YES_ERROR;
				CLANG_WARN_QUOTED_INCLUDE_IN_FRAMEWORK_HEADER = YES;
				CLANG_WARN_RANGE_LOOP_ANALYSIS = YES;
				CLANG_WARN_STRICT_PROTOTYPES = YES;
				CLANG_WARN_SUSPICIOUS_MOVE = YES;
				CLANG_WARN_UNGUARDED_AVAILABILITY = YES_AGGRESSIVE;
				CLANG_WARN_UNREACHABLE_CODE = YES;
				CLANG_WARN__DUPLICATE_METHOD_MATCH = YES;
				COPY_PHASE_STRIP = NO;
				DEBUG_INFORMATION_FORMAT = dwarf;
				ENABLE_STRICT_OBJC_MSGSEND = YES;
				ENABLE_TESTABILITY = YES;
				GCC_C_LANGUAGE_STANDARD = gnu11;
				GCC_DYNAMIC_NO_PIC = NO;
				GCC_NO_COMMON_BLOCKS = YES;
				GCC_OPTIMIZATION_LEVEL = 0;
				GCC_PREPROCESSOR_DEFINITIONS = (
					"DEBUG=1",
					"$(inherited)",
				);
				GCC_WARN_64_TO_32_BIT_CONVERSION = YES;
				GCC_WARN_ABOUT_RETURN_TYPE = YES_ERROR;
				GCC_WARN_UNDECLARED_SELECTOR = YES;
				GCC_WARN_UNINITIALIZED_AUTOS = YES_AGGRESSIVE;
				GCC_WARN_UNUSED_FUNCTION = YES;
				GCC_WARN_UNUSED_VARIABLE = YES;
				IPHONEOS_DEPLOYMENT_TARGET = 15.2;
				MTL_ENABLE_DEBUG_INFO = INCLUDE_SOURCE;
				MTL_FAST_MATH = YES;
				ONLY_ACTIVE_ARCH = YES;
				SDKROOT = iphoneos;
				SWIFT_ACTIVE_COMPILATION_CONDITIONS = DEBUG;
				SWIFT_OPTIMIZATION_LEVEL = "-Onone";
			};
			name = Debug;
		};
		7113EC2B27BBB26900D17346 /* Release */ = {
			isa = XCBuildConfiguration;
			buildSettings = {
				ALWAYS_SEARCH_USER_PATHS = NO;
				CLANG_ANALYZER_NONNULL = YES;
				CLANG_ANALYZER_NUMBER_OBJECT_CONVERSION = YES_AGGRESSIVE;
				CLANG_CXX_LANGUAGE_STANDARD = "gnu++17";
				CLANG_CXX_LIBRARY = "libc++";
				CLANG_ENABLE_MODULES = YES;
				CLANG_ENABLE_OBJC_ARC = YES;
				CLANG_ENABLE_OBJC_WEAK = YES;
				CLANG_WARN_BLOCK_CAPTURE_AUTORELEASING = YES;
				CLANG_WARN_BOOL_CONVERSION = YES;
				CLANG_WARN_COMMA = YES;
				CLANG_WARN_CONSTANT_CONVERSION = YES;
				CLANG_WARN_DEPRECATED_OBJC_IMPLEMENTATIONS = YES;
				CLANG_WARN_DIRECT_OBJC_ISA_USAGE = YES_ERROR;
				CLANG_WARN_DOCUMENTATION_COMMENTS = YES;
				CLANG_WARN_EMPTY_BODY = YES;
				CLANG_WARN_ENUM_CONVERSION = YES;
				CLANG_WARN_INFINITE_RECURSION = YES;
				CLANG_WARN_INT_CONVERSION = YES;
				CLANG_WARN_NON_LITERAL_NULL_CONVERSION = YES;
				CLANG_WARN_OBJC_IMPLICIT_RETAIN_SELF = YES;
				CLANG_WARN_OBJC_LITERAL_CONVERSION = YES;
				CLANG_WARN_OBJC_ROOT_CLASS = YES_ERROR;
				CLANG_WARN_QUOTED_INCLUDE_IN_FRAMEWORK_HEADER = YES;
				CLANG_WARN_RANGE_LOOP_ANALYSIS = YES;
				CLANG_WARN_STRICT_PROTOTYPES = YES;
				CLANG_WARN_SUSPICIOUS_MOVE = YES;
				CLANG_WARN_UNGUARDED_AVAILABILITY = YES_AGGRESSIVE;
				CLANG_WARN_UNREACHABLE_CODE = YES;
				CLANG_WARN__DUPLICATE_METHOD_MATCH = YES;
				COPY_PHASE_STRIP = NO;
				DEBUG_INFORMATION_FORMAT = "dwarf-with-dsym";
				ENABLE_NS_ASSERTIONS = NO;
				ENABLE_STRICT_OBJC_MSGSEND = YES;
				GCC_C_LANGUAGE_STANDARD = gnu11;
				GCC_NO_COMMON_BLOCKS = YES;
				GCC_WARN_64_TO_32_BIT_CONVERSION = YES;
				GCC_WARN_ABOUT_RETURN_TYPE = YES_ERROR;
				GCC_WARN_UNDECLARED_SELECTOR = YES;
				GCC_WARN_UNINITIALIZED_AUTOS = YES_AGGRESSIVE;
				GCC_WARN_UNUSED_FUNCTION = YES;
				GCC_WARN_UNUSED_VARIABLE = YES;
				IPHONEOS_DEPLOYMENT_TARGET = 15.2;
				MTL_ENABLE_DEBUG_INFO = NO;
				MTL_FAST_MATH = YES;
				SDKROOT = iphoneos;
				SWIFT_COMPILATION_MODE = wholemodule;
				SWIFT_OPTIMIZATION_LEVEL = "-O";
				VALIDATE_PRODUCT = YES;
			};
			name = Release;
		};
		7113EC2D27BBB26900D17346 /* Debug */ = {
			isa = XCBuildConfiguration;
			buildSettings = {
				ASSETCATALOG_COMPILER_APPICON_NAME = AppIcon;
				ASSETCATALOG_COMPILER_GLOBAL_ACCENT_COLOR_NAME = AccentColor;
				CODE_SIGN_STYLE = Automatic;
				CURRENT_PROJECT_VERSION = 1;
				DEVELOPMENT_TEAM = JH9N227FHB;
				GENERATE_INFOPLIST_FILE = YES;
				INFOPLIST_FILE = SuperheroAntonGuzenko/Info.plist;
				INFOPLIST_KEY_UIApplicationSupportsIndirectInputEvents = YES;
				INFOPLIST_KEY_UILaunchStoryboardName = LaunchScreen;
				INFOPLIST_KEY_UIMainStoryboardFile = Main;
				INFOPLIST_KEY_UISupportedInterfaceOrientations_iPad = "UIInterfaceOrientationPortrait UIInterfaceOrientationPortraitUpsideDown UIInterfaceOrientationLandscapeLeft UIInterfaceOrientationLandscapeRight";
				INFOPLIST_KEY_UISupportedInterfaceOrientations_iPhone = "UIInterfaceOrientationPortrait UIInterfaceOrientationLandscapeLeft UIInterfaceOrientationLandscapeRight";
				LD_RUNPATH_SEARCH_PATHS = (
					"$(inherited)",
					"@executable_path/Frameworks",
				);
				MARKETING_VERSION = 1.0;
				PRODUCT_BUNDLE_IDENTIFIER = com.antonguzenko.SuperheroAntonGuzenko;
				PRODUCT_NAME = "$(TARGET_NAME)";
				SWIFT_EMIT_LOC_STRINGS = YES;
				SWIFT_VERSION = 5.0;
				TARGETED_DEVICE_FAMILY = "1,2";
			};
			name = Debug;
		};
		7113EC2E27BBB26900D17346 /* Release */ = {
			isa = XCBuildConfiguration;
			buildSettings = {
				ASSETCATALOG_COMPILER_APPICON_NAME = AppIcon;
				ASSETCATALOG_COMPILER_GLOBAL_ACCENT_COLOR_NAME = AccentColor;
				CODE_SIGN_STYLE = Automatic;
				CURRENT_PROJECT_VERSION = 1;
				DEVELOPMENT_TEAM = JH9N227FHB;
				GENERATE_INFOPLIST_FILE = YES;
				INFOPLIST_FILE = SuperheroAntonGuzenko/Info.plist;
				INFOPLIST_KEY_UIApplicationSupportsIndirectInputEvents = YES;
				INFOPLIST_KEY_UILaunchStoryboardName = LaunchScreen;
				INFOPLIST_KEY_UIMainStoryboardFile = Main;
				INFOPLIST_KEY_UISupportedInterfaceOrientations_iPad = "UIInterfaceOrientationPortrait UIInterfaceOrientationPortraitUpsideDown UIInterfaceOrientationLandscapeLeft UIInterfaceOrientationLandscapeRight";
				INFOPLIST_KEY_UISupportedInterfaceOrientations_iPhone = "UIInterfaceOrientationPortrait UIInterfaceOrientationLandscapeLeft UIInterfaceOrientationLandscapeRight";
				LD_RUNPATH_SEARCH_PATHS = (
					"$(inherited)",
					"@executable_path/Frameworks",
				);
				MARKETING_VERSION = 1.0;
				PRODUCT_BUNDLE_IDENTIFIER = com.antonguzenko.SuperheroAntonGuzenko;
				PRODUCT_NAME = "$(TARGET_NAME)";
				SWIFT_EMIT_LOC_STRINGS = YES;
				SWIFT_VERSION = 5.0;
				TARGETED_DEVICE_FAMILY = "1,2";
			};
			name = Release;
		};
/* End XCBuildConfiguration section */

/* Begin XCConfigurationList section */
		7113EC1327BBB26700D17346 /* Build configuration list for PBXProject "SuperheroAntonGuzenko" */ = {
			isa = XCConfigurationList;
			buildConfigurations = (
				7113EC2A27BBB26900D17346 /* Debug */,
				7113EC2B27BBB26900D17346 /* Release */,
			);
			defaultConfigurationIsVisible = 0;
			defaultConfigurationName = Release;
		};
		7113EC2C27BBB26900D17346 /* Build configuration list for PBXNativeTarget "SuperheroAntonGuzenko" */ = {
			isa = XCConfigurationList;
			buildConfigurations = (
				7113EC2D27BBB26900D17346 /* Debug */,
				7113EC2E27BBB26900D17346 /* Release */,
			);
			defaultConfigurationIsVisible = 0;
			defaultConfigurationName = Release;
		};
/* End XCConfigurationList section */
	};
	rootObject = 7113EC1027BBB26700D17346 /* Project object */;
}
